
Microsoft Visual Studio Solution File, Format Version 12.00
Project("{FAE04EC0-301F-11D3-BF4B-00C04F79EFBC}") = "Core", "Core\Core.csproj", "{4A01AE9B-70F2-4FE0-80F8-6109E5106A4D}"
EndProject
Project("{FAE04EC0-301F-11D3-BF4B-00C04F79EFBC}") = "Test", "Test\Test.csproj", "{14505E2E-D84F-4BCE-8838-3075E2C27C32}"
EndProject
Project("{FAE04EC0-301F-11D3-BF4B-00C04F79EFBC}") = "Reception", "Reception\Reception.csproj", "{3F9BA80C-F3EB-4AEC-AF7A-DF2CED733853}"
EndProject
Global
	GlobalSection(SolutionConfigurationPlatforms) = preSolution
		Debug|Any CPU = Debug|Any CPU
		Release|Any CPU = Release|Any CPU
	EndGlobalSection
	GlobalSection(ProjectConfigurationPlatforms) = postSolution
		{4A01AE9B-70F2-4FE0-80F8-6109E5106A4D}.Debug|Any CPU.ActiveCfg = Debug|Any CPU
		{4A01AE9B-70F2-4FE0-80F8-6109E5106A4D}.Debug|Any CPU.Build.0 = Debug|Any CPU
		{4A01AE9B-70F2-4FE0-80F8-6109E5106A4D}.Release|Any CPU.ActiveCfg = Release|Any CPU
		{4A01AE9B-70F2-4FE0-80F8-6109E5106A4D}.Release|Any CPU.Build.0 = Release|Any CPU
		{14505E2E-D84F-4BCE-8838-3075E2C27C32}.Debug|Any CPU.ActiveCfg = Debug|Any CPU
		{14505E2E-D84F-4BCE-8838-3075E2C27C32}.Debug|Any CPU.Build.0 = Debug|Any CPU
		{14505E2E-D84F-4BCE-8838-3075E2C27C32}.Release|Any CPU.ActiveCfg = Release|Any CPU
		{14505E2E-D84F-4BCE-8838-3075E2C27C32}.Release|Any CPU.Build.0 = Release|Any CPU
		{3F9BA80C-F3EB-4AEC-AF7A-DF2CED733853}.Debug|Any CPU.ActiveCfg = Debug|Any CPU
		{3F9BA80C-F3EB-4AEC-AF7A-DF2CED733853}.Debug|Any CPU.Build.0 = Debug|Any CPU
		{3F9BA80C-F3EB-4AEC-AF7A-DF2CED733853}.Release|Any CPU.ActiveCfg = Release|Any CPU
		{3F9BA80C-F3EB-4AEC-AF7A-DF2CED733853}.Release|Any CPU.Build.0 = Release|Any CPU
	EndGlobalSection
EndGlobal
